// !$*UTF8*$!
{
	archiveVersion = 1;
	classes = {
	};
	objectVersion = 46;
	objects = {

/* Begin PBXBuildFile section */
		D9EF67E91DAAE54E00FC921A /* AppDelegate.swift in Sources */ = {isa = PBXBuildFile; fileRef = D9EF67E81DAAE54E00FC921A /* AppDelegate.swift */; };
		D9EF67EB1DAAE54E00FC921A /* ViewController.swift in Sources */ = {isa = PBXBuildFile; fileRef = D9EF67EA1DAAE54E00FC921A /* ViewController.swift */; };
		D9EF67EE1DAAE54E00FC921A /* Main.storyboard in Resources */ = {isa = PBXBuildFile; fileRef = D9EF67EC1DAAE54E00FC921A /* Main.storyboard */; };
		D9EF67F01DAAE54E00FC921A /* Assets.xcassets in Resources */ = {isa = PBXBuildFile; fileRef = D9EF67EF1DAAE54E00FC921A /* Assets.xcassets */; };
		D9EF67F31DAAE54E00FC921A /* LaunchScreen.storyboard in Resources */ = {isa = PBXBuildFile; fileRef = D9EF67F11DAAE54E00FC921A /* LaunchScreen.storyboard */; };
		D9EF67FB1DAAE55E00FC921A /* Datos.swift in Sources */ = {isa = PBXBuildFile; fileRef = D9EF67FA1DAAE55E00FC921A /* Datos.swift */; };
/* End PBXBuildFile section */

/* Begin PBXFileReference section */
		D9EF67E51DAAE54E00FC921A /* HamburguesasDelMundo_Coursera.app */ = {isa = PBXFileReference; explicitFileType = wrapper.application; includeInIndex = 0; path = HamburguesasDelMundo_Coursera.app; sourceTree = BUILT_PRODUCTS_DIR; };
		D9EF67E81DAAE54E00FC921A /* AppDelegate.swift */ = {isa = PBXFileReference; lastKnownFileType = sourcecode.swift; path = AppDelegate.swift; sourceTree = "<group>"; };
		D9EF67EA1DAAE54E00FC921A /* ViewController.swift */ = {isa = PBXFileReference; lastKnownFileType = sourcecode.swift; path = ViewController.swift; sourceTree = "<group>"; };
		D9EF67ED1DAAE54E00FC921A /* Base */ = {isa = PBXFileReference; lastKnownFileType = file.storyboard; name = Base; path = Base.lproj/Main.storyboard; sourceTree = "<group>"; };
		D9EF67EF1DAAE54E00FC921A /* Assets.xcassets */ = {isa = PBXFileReference; lastKnownFileType = folder.assetcatalog; path = Assets.xcassets; sourceTree = "<group>"; };
		D9EF67F21DAAE54E00FC921A /* Base */ = {isa = PBXFileReference; lastKnownFileType = file.storyboard; name = Base; path = Base.lproj/LaunchScreen.storyboard; sourceTree = "<group>"; };
		D9EF67F41DAAE54E00FC921A /* Info.plist */ = {isa = PBXFileReference; lastKnownFileType = text.plist.xml; path = Info.plist; sourceTree = "<group>"; };
		D9EF67FA1DAAE55E00FC921A /* Datos.swift */ = {isa = PBXFileReference; fileEncoding = 4; lastKnownFileType = sourcecode.swift; path = Datos.swift; sourceTree = "<group>"; };
/* End PBXFileReference section */

/* Begin PBXFrameworksBuildPhase section */
		D9EF67E21DAAE54E00FC921A /* Frameworks */ = {
			isa = PBXFrameworksBuildPhase;
			buildActionMask = 2147483647;
			files = (
			);
			runOnlyForDeploymentPostprocessing = 0;
		};
/* End PBXFrameworksBuildPhase section */

/* Begin PBXGroup section */
		D9EF67DC1DAAE54E00FC921A = {
			isa = PBXGroup;
			children = (
				D9EF67E71DAAE54E00FC921A /* HamburguesasDelMundo_Coursera */,
				D9EF67E61DAAE54E00FC921A /* Products */,
			);
			sourceTree = "<group>";
		};
		D9EF67E61DAAE54E00FC921A /* Products */ = {
			isa = PBXGroup;
			children = (
				D9EF67E51DAAE54E00FC921A /* HamburguesasDelMundo_Coursera.app */,
			);
			name = Products;
			sourceTree = "<group>";
		};
		D9EF67E71DAAE54E00FC921A /* HamburguesasDelMundo_Coursera */ = {
			isa = PBXGroup;
			children = (
				D9EF67E81DAAE54E00FC921A /* AppDelegate.swift */,
				D9EF67EA1DAAE54E00FC921A /* ViewController.swift */,
				D9EF67EC1DAAE54E00FC921A /* Main.storyboard */,
				D9EF67EF1DAAE54E00FC921A /* Assets.xcassets */,
				D9EF67F11DAAE54E00FC921A /* LaunchScreen.storyboard */,
				D9EF67FA1DAAE55E00FC921A /* Datos.swift */,
				D9EF67F41DAAE54E00FC921A /* Info.plist */,
			);
			path = HamburguesasDelMundo_Coursera;
			sourceTree = "<group>";
		};
/* End PBXGroup section */

/* Begin PBXNativeTarget section */
		D9EF67E41DAAE54E00FC921A /* HamburguesasDelMundo_Coursera */ = {
			isa = PBXNativeTarget;
			buildConfigurationList = D9EF67F71DAAE54E00FC921A /* Build configuration list for PBXNativeTarget "HamburguesasDelMundo_Coursera" */;
			buildPhases = (
				D9EF67E11DAAE54E00FC921A /* Sources */,
				D9EF67E21DAAE54E00FC921A /* Frameworks */,
				D9EF67E31DAAE54E00FC921A /* Resources */,
			);
			buildRules = (
			);
			dependencies = (
			);
			name = HamburguesasDelMundo_Coursera;
			productName = HamburguesasDelMundo_Coursera;
			productReference = D9EF67E51DAAE54E00FC921A /* HamburguesasDelMundo_Coursera.app */;
			productType = "com.apple.product-type.application";
		};
/* End PBXNativeTarget section */

/* Begin PBXProject section */
		D9EF67DD1DAAE54E00FC921A /* Project object */ = {
			isa = PBXProject;
			attributes = {
				LastSwiftUpdateCheck = 0730;
				LastUpgradeCheck = 0730;
				ORGANIZATIONNAME = "Carlos Galindo ";
				TargetAttributes = {
					D9EF67E41DAAE54E00FC921A = {
						CreatedOnToolsVersion = 7.3.1;
					};
				};
			};
			buildConfigurationList = D9EF67E01DAAE54E00FC921A /* Build configuration list for PBXProject "HamburguesasDelMundo_Coursera" */;
			compatibilityVersion = "Xcode 3.2";
			developmentRegion = English;
			hasScannedForEncodings = 0;
			knownRegions = (
				en,
				Base,
			);
			mainGroup = D9EF67DC1DAAE54E00FC921A;
			productRefGroup = D9EF67E61DAAE54E00FC921A /* Products */;
			projectDirPath = "";
			projectRoot = "";
			targets = (
				D9EF67E41DAAE54E00FC921A /* HamburguesasDelMundo_Coursera */,
			);
		};
/* End PBXProject section */

/* Begin PBXResourcesBuildPhase section */
		D9EF67E31DAAE54E00FC921A /* Resources */ = {
			isa = PBXResourcesBuildPhase;
			buildActionMask = 2147483647;
			files = (
				D9EF67F31DAAE54E00FC921A /* LaunchScreen.storyboard in Resources */,
				D9EF67F01DAAE54E00FC921A /* Assets.xcassets in Resources */,
				D9EF67EE1DAAE54E00FC921A /* Main.storyboard in Resources */,
			);
			runOnlyForDeploymentPostprocessing = 0;
		};
/* End PBXResourcesBuildPhase section */

/* Begin PBXSourcesBuildPhase section */
		D9EF67E11DAAE54E00FC921A /* Sources */ = {
			isa = PBXSourcesBuildPhase;
			buildActionMask = 2147483647;
			files = (
				D9EF67EB1DAAE54E00FC921A /* ViewController.swift in Sources */,
				D9EF67E91DAAE54E00FC921A /* AppDelegate.swift in Sources */,
				D9EF67FB1DAAE55E00FC921A /* Datos.swift in Sources */,
			);
			runOnlyForDeploymentPostprocessing = 0;
		};
/* End PBXSourcesBuildPhase section */

/* Begin PBXVariantGroup section */
		D9EF67EC1DAAE54E00FC921A /* Main.storyboard */ = {
			isa = PBXVariantGroup;
			children = (
				D9EF67ED1DAAE54E00FC921A /* Base */,
			);
			name = Main.storyboard;
			sourceTree = "<group>";
		};
		D9EF67F11DAAE54E00FC921A /* LaunchScreen.storyboard */ = {
			isa = PBXVariantGroup;
			children = (
				D9EF67F21DAAE54E00FC921A /* Base */,
			);
			name = LaunchScreen.storyboard;
			sourceTree = "<group>";
		};
/* End PBXVariantGroup section */

/* Begin XCBuildConfiguration section */
		D9EF67F51DAAE54E00FC921A /* Debug */ = {
			isa = XCBuildConfiguration;
			buildSettings = {
				ALWAYS_SEARCH_USER_PATHS = NO;
				CLANG_ANALYZER_NONNULL = YES;
				CLANG_CXX_LANGUAGE_STANDARD = "gnu++0x";
				CLANG_CXX_LIBRARY = "libc++";
				CLANG_ENABLE_MODULES = YES;
				CLANG_ENABLE_OBJC_ARC = YES;
				CLANG_WARN_BOOL_CONVERSION = YES;
				CLANG_WARN_CONSTANT_CONVERSION = YES;
				CLANG_WARN_DIRECT_OBJC_ISA_USAGE = YES_ERROR;
				CLANG_WARN_EMPTY_BODY = YES;
				CLANG_WARN_ENUM_CONVERSION = YES;
				CLANG_WARN_INT_CONVERSION = YES;
				CLANG_WARN_OBJC_ROOT_CLASS = YES_ERROR;
				CLANG_WARN_UNREACHABLE_CODE = YES;
				CLANG_WARN__DUPLICATE_METHOD_MATCH = YES;
				"CODE_SIGN_IDENTITY[sdk=iphoneos*]" = "iPhone Developer";
				COPY_PHASE_STRIP = NO;
				DEBUG_INFORMATION_FORMAT = dwarf;
				ENABLE_STRICT_OBJC_MSGSEND = YES;
				ENABLE_TESTABILITY = YES;
				GCC_C_LANGUAGE_STANDARD = gnu99;
				GCC_DYNAMIC_NO_PIC = NO;
				GCC_NO_COMMON_BLOCKS = YES;
				GCC_OPTIMIZATION_LEVEL = 0;
				GCC_PREPROCESSOR_DEFINITIONS = (
					"DEBUG=1",
					"$(inherited)",
				);
				GCC_WARN_64_TO_32_BIT_CONVERSION = YES;
				GCC_WARN_ABOUT_RETURN_TYPE = YES_ERROR;
				GCC_WARN_UNDECLARED_SELECTOR = YES;
				GCC_WARN_UNINITIALIZED_AUTOS = YES_AGGRESSIVE;
				GCC_WARN_UNUSED_FUNCTION = YES;
				GCC_WARN_UNUSED_VARIABLE = YES;
				IPHONEOS_DEPLOYMENT_TARGET = 9.3;
				MTL_ENABLE_DEBUG_INFO = YES;
				ONLY_ACTIVE_ARCH = YES;
				SDKROOT = iphoneos;
				SWIFT_OPTIMIZATION_LEVEL = "-Onone";
			};
			name = Debug;
		};
		D9EF67F61DAAE54E00FC921A /* Release */ = {
			isa = XCBuildConfiguration;
			buildSettings = {
				ALWAYS_SEARCH_USER_PATHS = NO;
				CLANG_ANALYZER_NONNULL = YES;
				CLANG_CXX_LANGUAGE_STANDARD = "gnu++0x";
				CLANG_CXX_LIBRARY = "libc++";
				CLANG_ENABLE_MODULES = YES;
				CLANG_ENABLE_OBJC_ARC = YES;
				CLANG_WARN_BOOL_CONVERSION = YES;
				CLANG_WARN_CONSTANT_CONVERSION = YES;
				CLANG_WARN_DIRECT_OBJC_ISA_USAGE = YES_ERROR;
				CLANG_WARN_EMPTY_BODY = YES;
				CLANG_WARN_ENUM_CONVERSION = YES;
				CLANG_WARN_INT_CONVERSION = YES;
				CLANG_WARN_OBJC_ROOT_CLASS = YES_ERROR;
				CLANG_WARN_UNREACHABLE_CODE = YES;
				CLANG_WARN__DUPLICATE_METHOD_MATCH = YES;
				"CODE_SIGN_IDENTITY[sdk=iphoneos*]" = "iPhone Developer";
				COPY_PHASE_STRIP = NO;
				DEBUG_INFORMATION_FORMAT = "dwarf-with-dsym";
				ENABLE_NS_ASSERTIONS = NO;
				ENABLE_STRICT_OBJC_MSGSEND = YES;
				GCC_C_LANGUAGE_STANDARD = gnu99;
				GCC_NO_COMMON_BLOCKS = YES;
				GCC_WARN_64_TO_32_BIT_CONVERSION = YES;
				GCC_WARN_ABOUT_RETURN_TYPE = YES_ERROR;
				GCC_WARN_UNDECLARED_SELECTOR = YES;
				GCC_WARN_UNINITIALIZED_AUTOS = YES_AGGRESSIVE;
				GCC_WARN_UNUSED_FUNCTION = YES;
				GCC_WARN_UNUSED_VARIABLE = YES;
				IPHONEOS_DEPLOYMENT_TARGET = 9.3;
				MTL_ENABLE_DEBUG_INFO = NO;
				SDKROOT = iphoneos;
				VALIDATE_PRODUCT = YES;
			};
			name = Release;
		};
		D9EF67F81DAAE54E00FC921A /* Debug */ = {
			isa = XCBuildConfiguration;
			buildSettings = {
				ASSETCATALOG_COMPILER_APPICON_NAME = AppIcon;
				INFOPLIST_FILE = HamburguesasDelMundo_Coursera/Info.plist;
				LD_RUNPATH_SEARCH_PATHS = "$(inherited) @executable_path/Frameworks";
				PRODUCT_BUNDLE_IDENTIFIER = "CG.HamburguesasDelMundo-Coursera";
				PRODUCT_NAME = "$(TARGET_NAME)";
			};
			name = Debug;
		};
		D9EF67F91DAAE54E00FC921A /* Release */ = {
			isa = XCBuildConfiguration;
			buildSettings = {
				ASSETCATALOG_COMPILER_APPICON_NAME = AppIcon;
				INFOPLIST_FILE = HamburguesasDelMundo_Coursera/Info.plist;
				LD_RUNPATH_SEARCH_PATHS = "$(inherited) @executable_path/Frameworks";
				PRODUCT_BUNDLE_IDENTIFIER = "CG.HamburguesasDelMundo-Coursera";
				PRODUCT_NAME = "$(TARGET_NAME)";
			};
			name = Release;
		};
/* End XCBuildConfiguration section */

/* Begin XCConfigurationList section */
		D9EF67E01DAAE54E00FC921A /* Build configuration list for PBXProject "HamburguesasDelMundo_Coursera" */ = {
			isa = XCConfigurationList;
			buildConfigurations = (
				D9EF67F51DAAE54E00FC921A /* Debug */,
				D9EF67F61DAAE54E00FC921A /* Release */,
			);
			defaultConfigurationIsVisible = 0;
			defaultConfigurationName = Release;
		};
		D9EF67F71DAAE54E00FC921A /* Build configuration list for PBXNativeTarget "HamburguesasDelMundo_Coursera" */ = {
			isa = XCConfigurationList;
			buildConfigurations = (
				D9EF67F81DAAE54E00FC921A /* Debug */,
				D9EF67F91DAAE54E00FC921A /* Release */,
			);
			defaultConfigurationIsVisible = 0;
		};
/* End XCConfigurationList section */
	};
	rootObject = D9EF67DD1DAAE54E00FC921A /* Project object */;
}
